
Microsoft Visual Studio Solution File, Format Version 12.00
# Visual Studio Version 17
VisualStudioVersion = 17.8.34511.84
MinimumVisualStudioVersion = 10.0.40219.1
Project("{9A19103F-16F7-4668-BE54-9A1E7A4F7556}") = "CommerceApp", "CommerceApp\CommerceApp.csproj", "{65B1F773-11CC-40C4-B2D1-503B5FED4FE2}"
EndProject
Project("{FAE04EC0-301F-11D3-BF4B-00C04F79EFBC}") = "EventTrigger", "EventTrigger\EventTrigger.csproj", "{2E78F9F0-C2B0-4A9D-8380-9C5542597B3B}"
EndProject
Global
	GlobalSection(SolutionConfigurationPlatforms) = preSolution
		Debug|Any CPU = Debug|Any CPU
		Release|Any CPU = Release|Any CPU
	EndGlobalSection
	GlobalSection(ProjectConfigurationPlatforms) = postSolution
		{65B1F773-11CC-40C4-B2D1-503B5FED4FE2}.Debug|Any CPU.ActiveCfg = Debug|Any CPU
		{65B1F773-11CC-40C4-B2D1-503B5FED4FE2}.Debug|Any CPU.Build.0 = Debug|Any CPU
		{65B1F773-11CC-40C4-B2D1-503B5FED4FE2}.Release|Any CPU.ActiveCfg = Release|Any CPU
		{65B1F773-11CC-40C4-B2D1-503B5FED4FE2}.Release|Any CPU.Build.0 = Release|Any CPU
		{2E78F9F0-C2B0-4A9D-8380-9C5542597B3B}.Debug|Any CPU.ActiveCfg = Debug|Any CPU
		{2E78F9F0-C2B0-4A9D-8380-9C5542597B3B}.Debug|Any CPU.Build.0 = Debug|Any CPU
		{2E78F9F0-C2B0-4A9D-8380-9C5542597B3B}.Release|Any CPU.ActiveCfg = Release|Any CPU
		{2E78F9F0-C2B0-4A9D-8380-9C5542597B3B}.Release|Any CPU.Build.0 = Release|Any CPU
	EndGlobalSection
	GlobalSection(SolutionProperties) = preSolution
		HideSolutionNode = FALSE
	EndGlobalSection
	GlobalSection(ExtensibilityGlobals) = postSolution
		SolutionGuid = {638208DF-C18D-4374-89AE-A33BE48FCAD6}
	EndGlobalSection
EndGlobal
